{
  "requires": true,
  "lockfileVersion": 1,
  "dependencies": {
    "@giphy/js-types": {
      "version": "4.1.0",
      "resolved": "https://registry.npmjs.org/@giphy/js-types/-/js-types-4.1.0.tgz",
      "integrity": "sha512-+qSN4Mx4TmrjLQm4SC0I/ZBkb5eWM94sljXwfjIlqn0GMSR3geqEqwmE9Uf/ldgzFh+XMMCasQjIdUl2nWc++Q=="
    },
    "react-async-hook": {
      "version": "4.0.0",
      "resolved": "https://registry.npmjs.org/react-async-hook/-/react-async-hook-4.0.0.tgz",
      "integrity": "sha512-97lgjFkOcHCTYSrsKBpsXg3iVWM0LnzedB749iP76sb3/8Ouu4nHIkCLEOrQWHVYqrYxjF05NN6GHoXWFkB3Kw=="
    },
    "react-resize-observer": {
      "version": "1.1.1",
      "resolved": "https://registry.npmjs.org/react-resize-observer/-/react-resize-observer-1.1.1.tgz",
      "integrity": "sha512-3R+90Hou90Mr3wJYc+unsySC8Pn91V4nmjO32NKvUvjphRUbq9HisyLg7bDyGBE7xlMrrM6Fax7iNQaFdc/FYA=="
    }
  }
}
